// !$*UTF8*$!
{
	archiveVersion = 1;
	classes = {
	};
	objectVersion = 56;
	objects = {

/* Begin PBXBuildFile section */
		84E13E542ABC845600F7B66D /* Eastvantage_SwiftUIApp.swift in Sources */ = {isa = PBXBuildFile; fileRef = 84E13E532ABC845600F7B66D /* Eastvantage_SwiftUIApp.swift */; };
		84E13E582ABC845800F7B66D /* Assets.xcassets in Resources */ = {isa = PBXBuildFile; fileRef = 84E13E572ABC845800F7B66D /* Assets.xcassets */; };
		84E13E642ABC84C000F7B66D /* AddressLocatorView.swift in Sources */ = {isa = PBXBuildFile; fileRef = 84E13E632ABC84C000F7B66D /* AddressLocatorView.swift */; };
		84E13E682ABC858C00F7B66D /* Address.swift in Sources */ = {isa = PBXBuildFile; fileRef = 84E13E672ABC858C00F7B66D /* Address.swift */; };
		84E13E6E2ABC8AA000F7B66D /* AddressLocatorViewModel.swift in Sources */ = {isa = PBXBuildFile; fileRef = 84E13E6D2ABC8AA000F7B66D /* AddressLocatorViewModel.swift */; };
		84E13E742ABC8C0100F7B66D /* AddressProvider.swift in Sources */ = {isa = PBXBuildFile; fileRef = 84E13E732ABC8C0100F7B66D /* AddressProvider.swift */; };
		84E13E762ABC8F1A00F7B66D /* AdresseGouvAddressProvider.swift in Sources */ = {isa = PBXBuildFile; fileRef = 84E13E752ABC8F1A00F7B66D /* AdresseGouvAddressProvider.swift */; };
/* End PBXBuildFile section */

/* Begin PBXFileReference section */
		84E13E502ABC845600F7B66D /* Eastvantage-SwiftUI.app */ = {isa = PBXFileReference; explicitFileType = wrapper.application; includeInIndex = 0; path = "Eastvantage-SwiftUI.app"; sourceTree = BUILT_PRODUCTS_DIR; };
		84E13E532ABC845600F7B66D /* Eastvantage_SwiftUIApp.swift */ = {isa = PBXFileReference; lastKnownFileType = sourcecode.swift; path = Eastvantage_SwiftUIApp.swift; sourceTree = "<group>"; };
		84E13E572ABC845800F7B66D /* Assets.xcassets */ = {isa = PBXFileReference; lastKnownFileType = folder.assetcatalog; path = Assets.xcassets; sourceTree = "<group>"; };
		84E13E632ABC84C000F7B66D /* AddressLocatorView.swift */ = {isa = PBXFileReference; lastKnownFileType = sourcecode.swift; path = AddressLocatorView.swift; sourceTree = "<group>"; };
		84E13E672ABC858C00F7B66D /* Address.swift */ = {isa = PBXFileReference; lastKnownFileType = sourcecode.swift; path = Address.swift; sourceTree = "<group>"; };
		84E13E6D2ABC8AA000F7B66D /* AddressLocatorViewModel.swift */ = {isa = PBXFileReference; lastKnownFileType = sourcecode.swift; path = AddressLocatorViewModel.swift; sourceTree = "<group>"; };
		84E13E732ABC8C0100F7B66D /* AddressProvider.swift */ = {isa = PBXFileReference; lastKnownFileType = sourcecode.swift; path = AddressProvider.swift; sourceTree = "<group>"; };
		84E13E752ABC8F1A00F7B66D /* AdresseGouvAddressProvider.swift */ = {isa = PBXFileReference; lastKnownFileType = sourcecode.swift; path = AdresseGouvAddressProvider.swift; sourceTree = "<group>"; };
/* End PBXFileReference section */

/* Begin PBXFrameworksBuildPhase section */
		84E13E4D2ABC845600F7B66D /* Frameworks */ = {
			isa = PBXFrameworksBuildPhase;
			buildActionMask = 2147483647;
			files = (
			);
			runOnlyForDeploymentPostprocessing = 0;
		};
/* End PBXFrameworksBuildPhase section */

/* Begin PBXGroup section */
		84E13E472ABC845600F7B66D = {
			isa = PBXGroup;
			children = (
				84E13E522ABC845600F7B66D /* Eastvantage-SwiftUI */,
				84E13E512ABC845600F7B66D /* Products */,
			);
			sourceTree = "<group>";
		};
		84E13E512ABC845600F7B66D /* Products */ = {
			isa = PBXGroup;
			children = (
				84E13E502ABC845600F7B66D /* Eastvantage-SwiftUI.app */,
			);
			name = Products;
			sourceTree = "<group>";
		};
		84E13E522ABC845600F7B66D /* Eastvantage-SwiftUI */ = {
			isa = PBXGroup;
			children = (
				84E13E662ABC853E00F7B66D /* Domain */,
				84E13E652ABC853000F7B66D /* Application */,
				84E13E532ABC845600F7B66D /* Eastvantage_SwiftUIApp.swift */,
				84E13E572ABC845800F7B66D /* Assets.xcassets */,
			);
			path = "Eastvantage-SwiftUI";
			sourceTree = "<group>";
		};
		84E13E652ABC853000F7B66D /* Application */ = {
			isa = PBXGroup;
			children = (
				84E13E772ABC8F3E00F7B66D /* Service */,
				84E13E6D2ABC8AA000F7B66D /* AddressLocatorViewModel.swift */,
				84E13E632ABC84C000F7B66D /* AddressLocatorView.swift */,
			);
			path = Application;
			sourceTree = "<group>";
		};
		84E13E662ABC853E00F7B66D /* Domain */ = {
			isa = PBXGroup;
			children = (
				84E13E732ABC8C0100F7B66D /* AddressProvider.swift */,
				84E13E672ABC858C00F7B66D /* Address.swift */,
			);
			path = Domain;
			sourceTree = "<group>";
		};
		84E13E772ABC8F3E00F7B66D /* Service */ = {
			isa = PBXGroup;
			children = (
				84E13E752ABC8F1A00F7B66D /* AdresseGouvAddressProvider.swift */,
			);
			path = Service;
			sourceTree = "<group>";
		};
/* End PBXGroup section */

/* Begin PBXNativeTarget section */
		84E13E4F2ABC845600F7B66D /* Eastvantage-SwiftUI */ = {
			isa = PBXNativeTarget;
			buildConfigurationList = 84E13E5E2ABC845800F7B66D /* Build configuration list for PBXNativeTarget "Eastvantage-SwiftUI" */;
			buildPhases = (
				84E13E4C2ABC845600F7B66D /* Sources */,
				84E13E4D2ABC845600F7B66D /* Frameworks */,
				84E13E4E2ABC845600F7B66D /* Resources */,
			);
			buildRules = (
			);
			dependencies = (
			);
			name = "Eastvantage-SwiftUI";
			productName = "Eastvantage-SwiftUI";
			productReference = 84E13E502ABC845600F7B66D /* Eastvantage-SwiftUI.app */;
			productType = "com.apple.product-type.application";
		};
/* End PBXNativeTarget section */

/* Begin PBXProject section */
		84E13E482ABC845600F7B66D /* Project object */ = {
			isa = PBXProject;
			attributes = {
				BuildIndependentTargetsInParallel = 1;
				LastSwiftUpdateCheck = 1430;
				LastUpgradeCheck = 1430;
				TargetAttributes = {
					84E13E4F2ABC845600F7B66D = {
						CreatedOnToolsVersion = 14.3;
					};
				};
			};
			buildConfigurationList = 84E13E4B2ABC845600F7B66D /* Build configuration list for PBXProject "Eastvantage-SwiftUI" */;
			compatibilityVersion = "Xcode 14.0";
			developmentRegion = en;
			hasScannedForEncodings = 0;
			knownRegions = (
				en,
				Base,
			);
			mainGroup = 84E13E472ABC845600F7B66D;
			productRefGroup = 84E13E512ABC845600F7B66D /* Products */;
			projectDirPath = "";
			projectRoot = "";
			targets = (
				84E13E4F2ABC845600F7B66D /* Eastvantage-SwiftUI */,
			);
		};
/* End PBXProject section */

/* Begin PBXResourcesBuildPhase section */
		84E13E4E2ABC845600F7B66D /* Resources */ = {
			isa = PBXResourcesBuildPhase;
			buildActionMask = 2147483647;
			files = (
				84E13E582ABC845800F7B66D /* Assets.xcassets in Resources */,
			);
			runOnlyForDeploymentPostprocessing = 0;
		};
/* End PBXResourcesBuildPhase section */

/* Begin PBXSourcesBuildPhase section */
		84E13E4C2ABC845600F7B66D /* Sources */ = {
			isa = PBXSourcesBuildPhase;
			buildActionMask = 2147483647;
			files = (
				84E13E762ABC8F1A00F7B66D /* AdresseGouvAddressProvider.swift in Sources */,
				84E13E742ABC8C0100F7B66D /* AddressProvider.swift in Sources */,
				84E13E642ABC84C000F7B66D /* AddressLocatorView.swift in Sources */,
				84E13E6E2ABC8AA000F7B66D /* AddressLocatorViewModel.swift in Sources */,
				84E13E682ABC858C00F7B66D /* Address.swift in Sources */,
				84E13E542ABC845600F7B66D /* Eastvantage_SwiftUIApp.swift in Sources */,
			);
			runOnlyForDeploymentPostprocessing = 0;
		};
/* End PBXSourcesBuildPhase section */

/* Begin XCBuildConfiguration section */
		84E13E5C2ABC845800F7B66D /* Debug */ = {
			isa = XCBuildConfiguration;
			buildSettings = {
				ALWAYS_SEARCH_USER_PATHS = NO;
				CLANG_ANALYZER_NONNULL = YES;
				CLANG_ANALYZER_NUMBER_OBJECT_CONVERSION = YES_AGGRESSIVE;
				CLANG_CXX_LANGUAGE_STANDARD = "gnu++20";
				CLANG_ENABLE_MODULES = YES;
				CLANG_ENABLE_OBJC_ARC = YES;
				CLANG_ENABLE_OBJC_WEAK = YES;
				CLANG_WARN_BLOCK_CAPTURE_AUTORELEASING = YES;
				CLANG_WARN_BOOL_CONVERSION = YES;
				CLANG_WARN_COMMA = YES;
				CLANG_WARN_CONSTANT_CONVERSION = YES;
				CLANG_WARN_DEPRECATED_OBJC_IMPLEMENTATIONS = YES;
				CLANG_WARN_DIRECT_OBJC_ISA_USAGE = YES_ERROR;
				CLANG_WARN_DOCUMENTATION_COMMENTS = YES;
				CLANG_WARN_EMPTY_BODY = YES;
				CLANG_WARN_ENUM_CONVERSION = YES;
				CLANG_WARN_INFINITE_RECURSION = YES;
				CLANG_WARN_INT_CONVERSION = YES;
				CLANG_WARN_NON_LITERAL_NULL_CONVERSION = YES;
				CLANG_WARN_OBJC_IMPLICIT_RETAIN_SELF = YES;
				CLANG_WARN_OBJC_LITERAL_CONVERSION = YES;
				CLANG_WARN_OBJC_ROOT_CLASS = YES_ERROR;
				CLANG_WARN_QUOTED_INCLUDE_IN_FRAMEWORK_HEADER = YES;
				CLANG_WARN_RANGE_LOOP_ANALYSIS = YES;
				CLANG_WARN_STRICT_PROTOTYPES = YES;
				CLANG_WARN_SUSPICIOUS_MOVE = YES;
				CLANG_WARN_UNGUARDED_AVAILABILITY = YES_AGGRESSIVE;
				CLANG_WARN_UNREACHABLE_CODE = YES;
				CLANG_WARN__DUPLICATE_METHOD_MATCH = YES;
				COPY_PHASE_STRIP = NO;
				DEBUG_INFORMATION_FORMAT = dwarf;
				ENABLE_STRICT_OBJC_MSGSEND = YES;
				ENABLE_TESTABILITY = YES;
				GCC_C_LANGUAGE_STANDARD = gnu11;
				GCC_DYNAMIC_NO_PIC = NO;
				GCC_NO_COMMON_BLOCKS = YES;
				GCC_OPTIMIZATION_LEVEL = 0;
				GCC_PREPROCESSOR_DEFINITIONS = (
					"DEBUG=1",
					"$(inherited)",
				);
				GCC_WARN_64_TO_32_BIT_CONVERSION = YES;
				GCC_WARN_ABOUT_RETURN_TYPE = YES_ERROR;
				GCC_WARN_UNDECLARED_SELECTOR = YES;
				GCC_WARN_UNINITIALIZED_AUTOS = YES_AGGRESSIVE;
				GCC_WARN_UNUSED_FUNCTION = YES;
				GCC_WARN_UNUSED_VARIABLE = YES;
				IPHONEOS_DEPLOYMENT_TARGET = 16.4;
				MTL_ENABLE_DEBUG_INFO = INCLUDE_SOURCE;
				MTL_FAST_MATH = YES;
				ONLY_ACTIVE_ARCH = YES;
				SDKROOT = iphoneos;
				SWIFT_ACTIVE_COMPILATION_CONDITIONS = DEBUG;
				SWIFT_OPTIMIZATION_LEVEL = "-Onone";
			};
			name = Debug;
		};
		84E13E5D2ABC845800F7B66D /* Release */ = {
			isa = XCBuildConfiguration;
			buildSettings = {
				ALWAYS_SEARCH_USER_PATHS = NO;
				CLANG_ANALYZER_NONNULL = YES;
				CLANG_ANALYZER_NUMBER_OBJECT_CONVERSION = YES_AGGRESSIVE;
				CLANG_CXX_LANGUAGE_STANDARD = "gnu++20";
				CLANG_ENABLE_MODULES = YES;
				CLANG_ENABLE_OBJC_ARC = YES;
				CLANG_ENABLE_OBJC_WEAK = YES;
				CLANG_WARN_BLOCK_CAPTURE_AUTORELEASING = YES;
				CLANG_WARN_BOOL_CONVERSION = YES;
				CLANG_WARN_COMMA = YES;
				CLANG_WARN_CONSTANT_CONVERSION = YES;
				CLANG_WARN_DEPRECATED_OBJC_IMPLEMENTATIONS = YES;
				CLANG_WARN_DIRECT_OBJC_ISA_USAGE = YES_ERROR;
				CLANG_WARN_DOCUMENTATION_COMMENTS = YES;
				CLANG_WARN_EMPTY_BODY = YES;
				CLANG_WARN_ENUM_CONVERSION = YES;
				CLANG_WARN_INFINITE_RECURSION = YES;
				CLANG_WARN_INT_CONVERSION = YES;
				CLANG_WARN_NON_LITERAL_NULL_CONVERSION = YES;
				CLANG_WARN_OBJC_IMPLICIT_RETAIN_SELF = YES;
				CLANG_WARN_OBJC_LITERAL_CONVERSION = YES;
				CLANG_WARN_OBJC_ROOT_CLASS = YES_ERROR;
				CLANG_WARN_QUOTED_INCLUDE_IN_FRAMEWORK_HEADER = YES;
				CLANG_WARN_RANGE_LOOP_ANALYSIS = YES;
				CLANG_WARN_STRICT_PROTOTYPES = YES;
				CLANG_WARN_SUSPICIOUS_MOVE = YES;
				CLANG_WARN_UNGUARDED_AVAILABILITY = YES_AGGRESSIVE;
				CLANG_WARN_UNREACHABLE_CODE = YES;
				CLANG_WARN__DUPLICATE_METHOD_MATCH = YES;
				COPY_PHASE_STRIP = NO;
				DEBUG_INFORMATION_FORMAT = "dwarf-with-dsym";
				ENABLE_NS_ASSERTIONS = NO;
				ENABLE_STRICT_OBJC_MSGSEND = YES;
				GCC_C_LANGUAGE_STANDARD = gnu11;
				GCC_NO_COMMON_BLOCKS = YES;
				GCC_WARN_64_TO_32_BIT_CONVERSION = YES;
				GCC_WARN_ABOUT_RETURN_TYPE = YES_ERROR;
				GCC_WARN_UNDECLARED_SELECTOR = YES;
				GCC_WARN_UNINITIALIZED_AUTOS = YES_AGGRESSIVE;
				GCC_WARN_UNUSED_FUNCTION = YES;
				GCC_WARN_UNUSED_VARIABLE = YES;
				IPHONEOS_DEPLOYMENT_TARGET = 16.4;
				MTL_ENABLE_DEBUG_INFO = NO;
				MTL_FAST_MATH = YES;
				SDKROOT = iphoneos;
				SWIFT_COMPILATION_MODE = wholemodule;
				SWIFT_OPTIMIZATION_LEVEL = "-O";
				VALIDATE_PRODUCT = YES;
			};
			name = Release;
		};
		84E13E5F2ABC845800F7B66D /* Debug */ = {
			isa = XCBuildConfiguration;
			buildSettings = {
				ASSETCATALOG_COMPILER_APPICON_NAME = AppIcon;
				ASSETCATALOG_COMPILER_GLOBAL_ACCENT_COLOR_NAME = AccentColor;
				CODE_SIGN_STYLE = Automatic;
				CURRENT_PROJECT_VERSION = 1;
				DEVELOPMENT_TEAM = DXK4KP95FM;
				ENABLE_PREVIEWS = YES;
				GENERATE_INFOPLIST_FILE = YES;
				INFOPLIST_KEY_UIApplicationSceneManifest_Generation = YES;
				INFOPLIST_KEY_UIApplicationSupportsIndirectInputEvents = YES;
				INFOPLIST_KEY_UILaunchScreen_Generation = YES;
				INFOPLIST_KEY_UISupportedInterfaceOrientations_iPad = "UIInterfaceOrientationPortrait UIInterfaceOrientationPortraitUpsideDown UIInterfaceOrientationLandscapeLeft UIInterfaceOrientationLandscapeRight";
				INFOPLIST_KEY_UISupportedInterfaceOrientations_iPhone = "UIInterfaceOrientationPortrait UIInterfaceOrientationLandscapeLeft UIInterfaceOrientationLandscapeRight";
				LD_RUNPATH_SEARCH_PATHS = (
					"$(inherited)",
					"@executable_path/Frameworks",
				);
				MARKETING_VERSION = 1.0;
				PRODUCT_BUNDLE_IDENTIFIER = "com.mukov.Eastvantage-SwiftUI";
				PRODUCT_NAME = "$(TARGET_NAME)";
				SWIFT_EMIT_LOC_STRINGS = YES;
				SWIFT_VERSION = 5.0;
				TARGETED_DEVICE_FAMILY = "1,2";
			};
			name = Debug;
		};
		84E13E602ABC845800F7B66D /* Release */ = {
			isa = XCBuildConfiguration;
			buildSettings = {
				ASSETCATALOG_COMPILER_APPICON_NAME = AppIcon;
				ASSETCATALOG_COMPILER_GLOBAL_ACCENT_COLOR_NAME = AccentColor;
				CODE_SIGN_STYLE = Automatic;
				CURRENT_PROJECT_VERSION = 1;
				DEVELOPMENT_TEAM = DXK4KP95FM;
				ENABLE_PREVIEWS = YES;
				GENERATE_INFOPLIST_FILE = YES;
				INFOPLIST_KEY_UIApplicationSceneManifest_Generation = YES;
				INFOPLIST_KEY_UIApplicationSupportsIndirectInputEvents = YES;
				INFOPLIST_KEY_UILaunchScreen_Generation = YES;
				INFOPLIST_KEY_UISupportedInterfaceOrientations_iPad = "UIInterfaceOrientationPortrait UIInterfaceOrientationPortraitUpsideDown UIInterfaceOrientationLandscapeLeft UIInterfaceOrientationLandscapeRight";
				INFOPLIST_KEY_UISupportedInterfaceOrientations_iPhone = "UIInterfaceOrientationPortrait UIInterfaceOrientationLandscapeLeft UIInterfaceOrientationLandscapeRight";
				LD_RUNPATH_SEARCH_PATHS = (
					"$(inherited)",
					"@executable_path/Frameworks",
				);
				MARKETING_VERSION = 1.0;
				PRODUCT_BUNDLE_IDENTIFIER = "com.mukov.Eastvantage-SwiftUI";
				PRODUCT_NAME = "$(TARGET_NAME)";
				SWIFT_EMIT_LOC_STRINGS = YES;
				SWIFT_VERSION = 5.0;
				TARGETED_DEVICE_FAMILY = "1,2";
			};
			name = Release;
		};
/* End XCBuildConfiguration section */

/* Begin XCConfigurationList section */
		84E13E4B2ABC845600F7B66D /* Build configuration list for PBXProject "Eastvantage-SwiftUI" */ = {
			isa = XCConfigurationList;
			buildConfigurations = (
				84E13E5C2ABC845800F7B66D /* Debug */,
				84E13E5D2ABC845800F7B66D /* Release */,
			);
			defaultConfigurationIsVisible = 0;
			defaultConfigurationName = Release;
		};
		84E13E5E2ABC845800F7B66D /* Build configuration list for PBXNativeTarget "Eastvantage-SwiftUI" */ = {
			isa = XCConfigurationList;
			buildConfigurations = (
				84E13E5F2ABC845800F7B66D /* Debug */,
				84E13E602ABC845800F7B66D /* Release */,
			);
			defaultConfigurationIsVisible = 0;
			defaultConfigurationName = Release;
		};
/* End XCConfigurationList section */
	};
	rootObject = 84E13E482ABC845600F7B66D /* Project object */;
}
